
Microsoft Visual Studio Solution File, Format Version 12.00
# Visual Studio 15
VisualStudioVersion = 15.0.28010.2046
MinimumVisualStudioVersion = 10.0.40219.1
Project("{9A19103F-16F7-4668-BE54-9A1E7A4F7556}") = "SignalRDemo2.CrossCutting", "SignalRDemo2.CrossCutting\SignalRDemo2.CrossCutting.csproj", "{BEB62F3B-7B71-4A04-974D-716550B332AF}"
EndProject
Project("{9A19103F-16F7-4668-BE54-9A1E7A4F7556}") = "SignalRDemo2.PublishToSignalR", "SignalRDemo2.PublishToSignalR\SignalRDemo2.PublishToSignalR.csproj", "{3D600BEB-D584-4404-8F12-8FA08C119156}"
EndProject
Project("{9A19103F-16F7-4668-BE54-9A1E7A4F7556}") = "SignalRDemo2.Web", "SignalRDemo2.Web\SignalRDemo2.Web.csproj", "{3D286C54-50D8-41D2-A0AC-09F3A3CB3CB2}"
EndProject
Project("{9A19103F-16F7-4668-BE54-9A1E7A4F7556}") = "SignalRDemo2.TwitterStream", "SignalRDemo2.TwitterStream\SignalRDemo2.TwitterStream.csproj", "{9C300F87-5B97-41A8-A6B1-E1BCDCEB9B96}"
EndProject
Project("{FAE04EC0-301F-11D3-BF4B-00C04F79EFBC}") = "SignalRDemo2.SendTweet", "SignalRDemo2.SendTweet\SignalRDemo2.SendTweet.csproj", "{1AFF7604-63D9-40E3-AE56-8541CEC82DB3}"
EndProject
Global
	GlobalSection(SolutionConfigurationPlatforms) = preSolution
		Debug|Any CPU = Debug|Any CPU
		Release|Any CPU = Release|Any CPU
	EndGlobalSection
	GlobalSection(ProjectConfigurationPlatforms) = postSolution
		{BEB62F3B-7B71-4A04-974D-716550B332AF}.Debug|Any CPU.ActiveCfg = Debug|Any CPU
		{BEB62F3B-7B71-4A04-974D-716550B332AF}.Debug|Any CPU.Build.0 = Debug|Any CPU
		{BEB62F3B-7B71-4A04-974D-716550B332AF}.Release|Any CPU.ActiveCfg = Release|Any CPU
		{BEB62F3B-7B71-4A04-974D-716550B332AF}.Release|Any CPU.Build.0 = Release|Any CPU
		{3D600BEB-D584-4404-8F12-8FA08C119156}.Debug|Any CPU.ActiveCfg = Debug|Any CPU
		{3D600BEB-D584-4404-8F12-8FA08C119156}.Debug|Any CPU.Build.0 = Debug|Any CPU
		{3D600BEB-D584-4404-8F12-8FA08C119156}.Release|Any CPU.ActiveCfg = Release|Any CPU
		{3D600BEB-D584-4404-8F12-8FA08C119156}.Release|Any CPU.Build.0 = Release|Any CPU
		{3D286C54-50D8-41D2-A0AC-09F3A3CB3CB2}.Debug|Any CPU.ActiveCfg = Debug|Any CPU
		{3D286C54-50D8-41D2-A0AC-09F3A3CB3CB2}.Debug|Any CPU.Build.0 = Debug|Any CPU
		{3D286C54-50D8-41D2-A0AC-09F3A3CB3CB2}.Release|Any CPU.ActiveCfg = Release|Any CPU
		{3D286C54-50D8-41D2-A0AC-09F3A3CB3CB2}.Release|Any CPU.Build.0 = Release|Any CPU
		{9C300F87-5B97-41A8-A6B1-E1BCDCEB9B96}.Debug|Any CPU.ActiveCfg = Debug|Any CPU
		{9C300F87-5B97-41A8-A6B1-E1BCDCEB9B96}.Debug|Any CPU.Build.0 = Debug|Any CPU
		{9C300F87-5B97-41A8-A6B1-E1BCDCEB9B96}.Release|Any CPU.ActiveCfg = Release|Any CPU
		{9C300F87-5B97-41A8-A6B1-E1BCDCEB9B96}.Release|Any CPU.Build.0 = Release|Any CPU
		{1AFF7604-63D9-40E3-AE56-8541CEC82DB3}.Debug|Any CPU.ActiveCfg = Debug|Any CPU
		{1AFF7604-63D9-40E3-AE56-8541CEC82DB3}.Debug|Any CPU.Build.0 = Debug|Any CPU
		{1AFF7604-63D9-40E3-AE56-8541CEC82DB3}.Release|Any CPU.ActiveCfg = Release|Any CPU
		{1AFF7604-63D9-40E3-AE56-8541CEC82DB3}.Release|Any CPU.Build.0 = Release|Any CPU
	EndGlobalSection
	GlobalSection(SolutionProperties) = preSolution
		HideSolutionNode = FALSE
	EndGlobalSection
	GlobalSection(ExtensibilityGlobals) = postSolution
		SolutionGuid = {96BAE431-D0AD-4D88-AAB6-0027020BF0A3}
	EndGlobalSection
EndGlobal
